
Microsoft Visual Studio Solution File, Format Version 12.00
# Visual Studio Version 17
VisualStudioVersion = 17.4.33103.184
MinimumVisualStudioVersion = 10.0.40219.1
Project("{FAE04EC0-301F-11D3-BF4B-00C04F79EFBC}") = "ConsoleApp4", "ConsoleApp4\ConsoleApp4.csproj", "{F779C3E7-4947-4017-B21A-29C3BF1EC635}"
EndProject
Global
	GlobalSection(SolutionConfigurationPlatforms) = preSolution
		Debug|Any CPU = Debug|Any CPU
		Release|Any CPU = Release|Any CPU
	EndGlobalSection
	GlobalSection(ProjectConfigurationPlatforms) = postSolution
		{F779C3E7-4947-4017-B21A-29C3BF1EC635}.Debug|Any CPU.ActiveCfg = Debug|Any CPU
		{F779C3E7-4947-4017-B21A-29C3BF1EC635}.Debug|Any CPU.Build.0 = Debug|Any CPU
		{F779C3E7-4947-4017-B21A-29C3BF1EC635}.Release|Any CPU.ActiveCfg = Release|Any CPU
		{F779C3E7-4947-4017-B21A-29C3BF1EC635}.Release|Any CPU.Build.0 = Release|Any CPU
	EndGlobalSection
	GlobalSection(SolutionProperties) = preSolution
		HideSolutionNode = FALSE
	EndGlobalSection
	GlobalSection(ExtensibilityGlobals) = postSolution
		SolutionGuid = {30889A76-1722-4A1E-9052-B560A09B2955}
	EndGlobalSection
EndGlobal
